
Microsoft Visual Studio Solution File, Format Version 12.00
# Visual Studio Version 17
VisualStudioVersion = 17.10.35027.167
MinimumVisualStudioVersion = 10.0.40219.1
Project("{9A19103F-16F7-4668-BE54-9A1E7A4F7556}") = "Test", "Test\Test.csproj", "{A7E69316-1F13-4A01-9ECE-D7E97E88EC52}"
EndProject
Project("{FAE04EC0-301F-11D3-BF4B-00C04F79EFBC}") = "CashRegister", "CashRegister\CashRegister.csproj", "{FA65CD05-B41D-4B80-8928-90F5419C0A36}"
EndProject
Global
	GlobalSection(SolutionConfigurationPlatforms) = preSolution
		Debug|Any CPU = Debug|Any CPU
		Debug|x86 = Debug|x86
		Release|Any CPU = Release|Any CPU
		Release|x86 = Release|x86
	EndGlobalSection
	GlobalSection(ProjectConfigurationPlatforms) = postSolution
		{A7E69316-1F13-4A01-9ECE-D7E97E88EC52}.Debug|Any CPU.ActiveCfg = Debug|Any CPU
		{A7E69316-1F13-4A01-9ECE-D7E97E88EC52}.Debug|Any CPU.Build.0 = Debug|Any CPU
		{A7E69316-1F13-4A01-9ECE-D7E97E88EC52}.Debug|x86.ActiveCfg = Debug|Any CPU
		{A7E69316-1F13-4A01-9ECE-D7E97E88EC52}.Debug|x86.Build.0 = Debug|Any CPU
		{A7E69316-1F13-4A01-9ECE-D7E97E88EC52}.Release|Any CPU.ActiveCfg = Release|Any CPU
		{A7E69316-1F13-4A01-9ECE-D7E97E88EC52}.Release|Any CPU.Build.0 = Release|Any CPU
		{A7E69316-1F13-4A01-9ECE-D7E97E88EC52}.Release|x86.ActiveCfg = Release|Any CPU
		{A7E69316-1F13-4A01-9ECE-D7E97E88EC52}.Release|x86.Build.0 = Release|Any CPU
		{FA65CD05-B41D-4B80-8928-90F5419C0A36}.Debug|Any CPU.ActiveCfg = Debug|Any CPU
		{FA65CD05-B41D-4B80-8928-90F5419C0A36}.Debug|Any CPU.Build.0 = Debug|Any CPU
		{FA65CD05-B41D-4B80-8928-90F5419C0A36}.Debug|x86.ActiveCfg = Debug|Any CPU
		{FA65CD05-B41D-4B80-8928-90F5419C0A36}.Debug|x86.Build.0 = Debug|Any CPU
		{FA65CD05-B41D-4B80-8928-90F5419C0A36}.Release|Any CPU.ActiveCfg = Release|Any CPU
		{FA65CD05-B41D-4B80-8928-90F5419C0A36}.Release|Any CPU.Build.0 = Release|Any CPU
		{FA65CD05-B41D-4B80-8928-90F5419C0A36}.Release|x86.ActiveCfg = Release|Any CPU
		{FA65CD05-B41D-4B80-8928-90F5419C0A36}.Release|x86.Build.0 = Release|Any CPU
	EndGlobalSection
	GlobalSection(SolutionProperties) = preSolution
		HideSolutionNode = FALSE
	EndGlobalSection
	GlobalSection(ExtensibilityGlobals) = postSolution
		SolutionGuid = {6757E3BD-65DC-46DD-B76B-3F1BE6BB10FF}
	EndGlobalSection
EndGlobal
